
Microsoft Visual Studio Solution File, Format Version 12.00
# Visual Studio Version 17
VisualStudioVersion = 17.5.002.0
MinimumVisualStudioVersion = 10.0.40219.1
Project("{9A19103F-16F7-4668-BE54-9A1E7A4F7556}") = "aula_2", "aula_2.csproj", "{C2ED66BB-E46A-4B01-B8E4-E9FF00EDEBD7}"
EndProject
Global
	GlobalSection(SolutionConfigurationPlatforms) = preSolution
		Debug|Any CPU = Debug|Any CPU
		Release|Any CPU = Release|Any CPU
	EndGlobalSection
	GlobalSection(ProjectConfigurationPlatforms) = postSolution
		{C2ED66BB-E46A-4B01-B8E4-E9FF00EDEBD7}.Debug|Any CPU.ActiveCfg = Debug|Any CPU
		{C2ED66BB-E46A-4B01-B8E4-E9FF00EDEBD7}.Debug|Any CPU.Build.0 = Debug|Any CPU
		{C2ED66BB-E46A-4B01-B8E4-E9FF00EDEBD7}.Release|Any CPU.ActiveCfg = Release|Any CPU
		{C2ED66BB-E46A-4B01-B8E4-E9FF00EDEBD7}.Release|Any CPU.Build.0 = Release|Any CPU
	EndGlobalSection
	GlobalSection(SolutionProperties) = preSolution
		HideSolutionNode = FALSE
	EndGlobalSection
	GlobalSection(ExtensibilityGlobals) = postSolution
		SolutionGuid = {1A08EA57-E6DB-4BE7-B175-DE1207379B1D}
	EndGlobalSection
EndGlobal
